
Microsoft Visual Studio Solution File, Format Version 12.00
# Visual Studio Version 17
VisualStudioVersion = 17.10.35027.167
MinimumVisualStudioVersion = 10.0.40219.1
Project("{2150E333-8FDC-42A3-9474-1A3956D46DE8}") = "Services", "Services", "{934B4B23-79C3-40FF-BEFC-2396192D051B}"
EndProject
Project("{2150E333-8FDC-42A3-9474-1A3956D46DE8}") = "Catalog", "Catalog", "{A0A0CABD-83D5-4DCF-A11C-CDA37101BE9F}"
EndProject
Project("{FAE04EC0-301F-11D3-BF4B-00C04F79EFBC}") = "Catalog.API", "..\src\Services\Catalog\Catalog.API\Catalog.API.csproj", "{768D7AA3-C919-41B1-B545-512692584918}"
EndProject
Global
	GlobalSection(SolutionConfigurationPlatforms) = preSolution
		Debug|Any CPU = Debug|Any CPU
		Release|Any CPU = Release|Any CPU
	EndGlobalSection
	GlobalSection(ProjectConfigurationPlatforms) = postSolution
		{768D7AA3-C919-41B1-B545-512692584918}.Debug|Any CPU.ActiveCfg = Debug|Any CPU
		{768D7AA3-C919-41B1-B545-512692584918}.Debug|Any CPU.Build.0 = Debug|Any CPU
		{768D7AA3-C919-41B1-B545-512692584918}.Release|Any CPU.ActiveCfg = Release|Any CPU
		{768D7AA3-C919-41B1-B545-512692584918}.Release|Any CPU.Build.0 = Release|Any CPU
	EndGlobalSection
	GlobalSection(SolutionProperties) = preSolution
		HideSolutionNode = FALSE
	EndGlobalSection
	GlobalSection(NestedProjects) = preSolution
		{A0A0CABD-83D5-4DCF-A11C-CDA37101BE9F} = {934B4B23-79C3-40FF-BEFC-2396192D051B}
		{768D7AA3-C919-41B1-B545-512692584918} = {A0A0CABD-83D5-4DCF-A11C-CDA37101BE9F}
	EndGlobalSection
	GlobalSection(ExtensibilityGlobals) = postSolution
		SolutionGuid = {035DA706-B28F-48D8-A397-AB98D69C9D87}
	EndGlobalSection
EndGlobal
